// !$*UTF8*$!
{
	archiveVersion = 1;
	classes = {
	};
	objectVersion = 55;
	objects = {

/* Begin PBXBuildFile section */
		4FC266AF27B5A78A0086B218 /* AppDelegate.swift in Sources */ = {isa = PBXBuildFile; fileRef = 4FC266AE27B5A78A0086B218 /* AppDelegate.swift */; };
		4FC266B127B5A78A0086B218 /* SceneDelegate.swift in Sources */ = {isa = PBXBuildFile; fileRef = 4FC266B027B5A78A0086B218 /* SceneDelegate.swift */; };
		4FC266B327B5A78A0086B218 /* ViewController.swift in Sources */ = {isa = PBXBuildFile; fileRef = 4FC266B227B5A78A0086B218 /* ViewController.swift */; };
		4FC266B627B5A78A0086B218 /* Main.storyboard in Resources */ = {isa = PBXBuildFile; fileRef = 4FC266B427B5A78A0086B218 /* Main.storyboard */; };
		4FC266B827B5A78B0086B218 /* Assets.xcassets in Resources */ = {isa = PBXBuildFile; fileRef = 4FC266B727B5A78B0086B218 /* Assets.xcassets */; };
		4FC266BB27B5A78B0086B218 /* LaunchScreen.storyboard in Resources */ = {isa = PBXBuildFile; fileRef = 4FC266B927B5A78B0086B218 /* LaunchScreen.storyboard */; };
		4FC266C627B5A78B0086B218 /* CourseDisplayTests.swift in Sources */ = {isa = PBXBuildFile; fileRef = 4FC266C527B5A78B0086B218 /* CourseDisplayTests.swift */; };
		4FC266D027B5A78B0086B218 /* CourseDisplayUITests.swift in Sources */ = {isa = PBXBuildFile; fileRef = 4FC266CF27B5A78B0086B218 /* CourseDisplayUITests.swift */; };
		4FC266D227B5A78B0086B218 /* CourseDisplayUITestsLaunchTests.swift in Sources */ = {isa = PBXBuildFile; fileRef = 4FC266D127B5A78B0086B218 /* CourseDisplayUITestsLaunchTests.swift */; };
/* End PBXBuildFile section */

/* Begin PBXContainerItemProxy section */
		4FC266C227B5A78B0086B218 /* PBXContainerItemProxy */ = {
			isa = PBXContainerItemProxy;
			containerPortal = 4FC266A327B5A7890086B218 /* Project object */;
			proxyType = 1;
			remoteGlobalIDString = 4FC266AA27B5A7890086B218;
			remoteInfo = CourseDisplay;
		};
		4FC266CC27B5A78B0086B218 /* PBXContainerItemProxy */ = {
			isa = PBXContainerItemProxy;
			containerPortal = 4FC266A327B5A7890086B218 /* Project object */;
			proxyType = 1;
			remoteGlobalIDString = 4FC266AA27B5A7890086B218;
			remoteInfo = CourseDisplay;
		};
/* End PBXContainerItemProxy section */

/* Begin PBXFileReference section */
		4FC266AB27B5A78A0086B218 /* CourseDisplay.app */ = {isa = PBXFileReference; explicitFileType = wrapper.application; includeInIndex = 0; path = CourseDisplay.app; sourceTree = BUILT_PRODUCTS_DIR; };
		4FC266AE27B5A78A0086B218 /* AppDelegate.swift */ = {isa = PBXFileReference; lastKnownFileType = sourcecode.swift; path = AppDelegate.swift; sourceTree = "<group>"; };
		4FC266B027B5A78A0086B218 /* SceneDelegate.swift */ = {isa = PBXFileReference; lastKnownFileType = sourcecode.swift; path = SceneDelegate.swift; sourceTree = "<group>"; };
		4FC266B227B5A78A0086B218 /* ViewController.swift */ = {isa = PBXFileReference; lastKnownFileType = sourcecode.swift; path = ViewController.swift; sourceTree = "<group>"; };
		4FC266B527B5A78A0086B218 /* Base */ = {isa = PBXFileReference; lastKnownFileType = file.storyboard; name = Base; path = Base.lproj/Main.storyboard; sourceTree = "<group>"; };
		4FC266B727B5A78B0086B218 /* Assets.xcassets */ = {isa = PBXFileReference; lastKnownFileType = folder.assetcatalog; path = Assets.xcassets; sourceTree = "<group>"; };
		4FC266BA27B5A78B0086B218 /* Base */ = {isa = PBXFileReference; lastKnownFileType = file.storyboard; name = Base; path = Base.lproj/LaunchScreen.storyboard; sourceTree = "<group>"; };
		4FC266BC27B5A78B0086B218 /* Info.plist */ = {isa = PBXFileReference; lastKnownFileType = text.plist.xml; path = Info.plist; sourceTree = "<group>"; };
		4FC266C127B5A78B0086B218 /* CourseDisplayTests.xctest */ = {isa = PBXFileReference; explicitFileType = wrapper.cfbundle; includeInIndex = 0; path = CourseDisplayTests.xctest; sourceTree = BUILT_PRODUCTS_DIR; };
		4FC266C527B5A78B0086B218 /* CourseDisplayTests.swift */ = {isa = PBXFileReference; lastKnownFileType = sourcecode.swift; path = CourseDisplayTests.swift; sourceTree = "<group>"; };
		4FC266CB27B5A78B0086B218 /* CourseDisplayUITests.xctest */ = {isa = PBXFileReference; explicitFileType = wrapper.cfbundle; includeInIndex = 0; path = CourseDisplayUITests.xctest; sourceTree = BUILT_PRODUCTS_DIR; };
		4FC266CF27B5A78B0086B218 /* CourseDisplayUITests.swift */ = {isa = PBXFileReference; lastKnownFileType = sourcecode.swift; path = CourseDisplayUITests.swift; sourceTree = "<group>"; };
		4FC266D127B5A78B0086B218 /* CourseDisplayUITestsLaunchTests.swift */ = {isa = PBXFileReference; lastKnownFileType = sourcecode.swift; path = CourseDisplayUITestsLaunchTests.swift; sourceTree = "<group>"; };
/* End PBXFileReference section */

/* Begin PBXFrameworksBuildPhase section */
		4FC266A827B5A7890086B218 /* Frameworks */ = {
			isa = PBXFrameworksBuildPhase;
			buildActionMask = 2147483647;
			files = (
			);
			runOnlyForDeploymentPostprocessing = 0;
		};
		4FC266BE27B5A78B0086B218 /* Frameworks */ = {
			isa = PBXFrameworksBuildPhase;
			buildActionMask = 2147483647;
			files = (
			);
			runOnlyForDeploymentPostprocessing = 0;
		};
		4FC266C827B5A78B0086B218 /* Frameworks */ = {
			isa = PBXFrameworksBuildPhase;
			buildActionMask = 2147483647;
			files = (
			);
			runOnlyForDeploymentPostprocessing = 0;
		};
/* End PBXFrameworksBuildPhase section */

/* Begin PBXGroup section */
		4FC266A227B5A7890086B218 = {
			isa = PBXGroup;
			children = (
				4FC266AD27B5A78A0086B218 /* CourseDisplay */,
				4FC266C427B5A78B0086B218 /* CourseDisplayTests */,
				4FC266CE27B5A78B0086B218 /* CourseDisplayUITests */,
				4FC266AC27B5A78A0086B218 /* Products */,
			);
			sourceTree = "<group>";
		};
		4FC266AC27B5A78A0086B218 /* Products */ = {
			isa = PBXGroup;
			children = (
				4FC266AB27B5A78A0086B218 /* CourseDisplay.app */,
				4FC266C127B5A78B0086B218 /* CourseDisplayTests.xctest */,
				4FC266CB27B5A78B0086B218 /* CourseDisplayUITests.xctest */,
			);
			name = Products;
			sourceTree = "<group>";
		};
		4FC266AD27B5A78A0086B218 /* CourseDisplay */ = {
			isa = PBXGroup;
			children = (
				4FC266AE27B5A78A0086B218 /* AppDelegate.swift */,
				4FC266B027B5A78A0086B218 /* SceneDelegate.swift */,
				4FC266B227B5A78A0086B218 /* ViewController.swift */,
				4FC266B427B5A78A0086B218 /* Main.storyboard */,
				4FC266B727B5A78B0086B218 /* Assets.xcassets */,
				4FC266B927B5A78B0086B218 /* LaunchScreen.storyboard */,
				4FC266BC27B5A78B0086B218 /* Info.plist */,
			);
			path = CourseDisplay;
			sourceTree = "<group>";
		};
		4FC266C427B5A78B0086B218 /* CourseDisplayTests */ = {
			isa = PBXGroup;
			children = (
				4FC266C527B5A78B0086B218 /* CourseDisplayTests.swift */,
			);
			path = CourseDisplayTests;
			sourceTree = "<group>";
		};
		4FC266CE27B5A78B0086B218 /* CourseDisplayUITests */ = {
			isa = PBXGroup;
			children = (
				4FC266CF27B5A78B0086B218 /* CourseDisplayUITests.swift */,
				4FC266D127B5A78B0086B218 /* CourseDisplayUITestsLaunchTests.swift */,
			);
			path = CourseDisplayUITests;
			sourceTree = "<group>";
		};
/* End PBXGroup section */

/* Begin PBXNativeTarget section */
		4FC266AA27B5A7890086B218 /* CourseDisplay */ = {
			isa = PBXNativeTarget;
			buildConfigurationList = 4FC266D527B5A78B0086B218 /* Build configuration list for PBXNativeTarget "CourseDisplay" */;
			buildPhases = (
				4FC266A727B5A7890086B218 /* Sources */,
				4FC266A827B5A7890086B218 /* Frameworks */,
				4FC266A927B5A7890086B218 /* Resources */,
			);
			buildRules = (
			);
			dependencies = (
			);
			name = CourseDisplay;
			productName = CourseDisplay;
			productReference = 4FC266AB27B5A78A0086B218 /* CourseDisplay.app */;
			productType = "com.apple.product-type.application";
		};
		4FC266C027B5A78B0086B218 /* CourseDisplayTests */ = {
			isa = PBXNativeTarget;
			buildConfigurationList = 4FC266D827B5A78B0086B218 /* Build configuration list for PBXNativeTarget "CourseDisplayTests" */;
			buildPhases = (
				4FC266BD27B5A78B0086B218 /* Sources */,
				4FC266BE27B5A78B0086B218 /* Frameworks */,
				4FC266BF27B5A78B0086B218 /* Resources */,
			);
			buildRules = (
			);
			dependencies = (
				4FC266C327B5A78B0086B218 /* PBXTargetDependency */,
			);
			name = CourseDisplayTests;
			productName = CourseDisplayTests;
			productReference = 4FC266C127B5A78B0086B218 /* CourseDisplayTests.xctest */;
			productType = "com.apple.product-type.bundle.unit-test";
		};
		4FC266CA27B5A78B0086B218 /* CourseDisplayUITests */ = {
			isa = PBXNativeTarget;
			buildConfigurationList = 4FC266DB27B5A78B0086B218 /* Build configuration list for PBXNativeTarget "CourseDisplayUITests" */;
			buildPhases = (
				4FC266C727B5A78B0086B218 /* Sources */,
				4FC266C827B5A78B0086B218 /* Frameworks */,
				4FC266C927B5A78B0086B218 /* Resources */,
			);
			buildRules = (
			);
			dependencies = (
				4FC266CD27B5A78B0086B218 /* PBXTargetDependency */,
			);
			name = CourseDisplayUITests;
			productName = CourseDisplayUITests;
			productReference = 4FC266CB27B5A78B0086B218 /* CourseDisplayUITests.xctest */;
			productType = "com.apple.product-type.bundle.ui-testing";
		};
/* End PBXNativeTarget section */

/* Begin PBXProject section */
		4FC266A327B5A7890086B218 /* Project object */ = {
			isa = PBXProject;
			attributes = {
				BuildIndependentTargetsInParallel = 1;
				LastSwiftUpdateCheck = 1320;
				LastUpgradeCheck = 1320;
				TargetAttributes = {
					4FC266AA27B5A7890086B218 = {
						CreatedOnToolsVersion = 13.2.1;
					};
					4FC266C027B5A78B0086B218 = {
						CreatedOnToolsVersion = 13.2.1;
						TestTargetID = 4FC266AA27B5A7890086B218;
					};
					4FC266CA27B5A78B0086B218 = {
						CreatedOnToolsVersion = 13.2.1;
						TestTargetID = 4FC266AA27B5A7890086B218;
					};
				};
			};
			buildConfigurationList = 4FC266A627B5A7890086B218 /* Build configuration list for PBXProject "CourseDisplay" */;
			compatibilityVersion = "Xcode 13.0";
			developmentRegion = en;
			hasScannedForEncodings = 0;
			knownRegions = (
				en,
				Base,
			);
			mainGroup = 4FC266A227B5A7890086B218;
			productRefGroup = 4FC266AC27B5A78A0086B218 /* Products */;
			projectDirPath = "";
			projectRoot = "";
			targets = (
				4FC266AA27B5A7890086B218 /* CourseDisplay */,
				4FC266C027B5A78B0086B218 /* CourseDisplayTests */,
				4FC266CA27B5A78B0086B218 /* CourseDisplayUITests */,
			);
		};
/* End PBXProject section */

/* Begin PBXResourcesBuildPhase section */
		4FC266A927B5A7890086B218 /* Resources */ = {
			isa = PBXResourcesBuildPhase;
			buildActionMask = 2147483647;
			files = (
				4FC266BB27B5A78B0086B218 /* LaunchScreen.storyboard in Resources */,
				4FC266B827B5A78B0086B218 /* Assets.xcassets in Resources */,
				4FC266B627B5A78A0086B218 /* Main.storyboard in Resources */,
			);
			runOnlyForDeploymentPostprocessing = 0;
		};
		4FC266BF27B5A78B0086B218 /* Resources */ = {
			isa = PBXResourcesBuildPhase;
			buildActionMask = 2147483647;
			files = (
			);
			runOnlyForDeploymentPostprocessing = 0;
		};
		4FC266C927B5A78B0086B218 /* Resources */ = {
			isa = PBXResourcesBuildPhase;
			buildActionMask = 2147483647;
			files = (
			);
			runOnlyForDeploymentPostprocessing = 0;
		};
/* End PBXResourcesBuildPhase section */

/* Begin PBXSourcesBuildPhase section */
		4FC266A727B5A7890086B218 /* Sources */ = {
			isa = PBXSourcesBuildPhase;
			buildActionMask = 2147483647;
			files = (
				4FC266B327B5A78A0086B218 /* ViewController.swift in Sources */,
				4FC266AF27B5A78A0086B218 /* AppDelegate.swift in Sources */,
				4FC266B127B5A78A0086B218 /* SceneDelegate.swift in Sources */,
			);
			runOnlyForDeploymentPostprocessing = 0;
		};
		4FC266BD27B5A78B0086B218 /* Sources */ = {
			isa = PBXSourcesBuildPhase;
			buildActionMask = 2147483647;
			files = (
				4FC266C627B5A78B0086B218 /* CourseDisplayTests.swift in Sources */,
			);
			runOnlyForDeploymentPostprocessing = 0;
		};
		4FC266C727B5A78B0086B218 /* Sources */ = {
			isa = PBXSourcesBuildPhase;
			buildActionMask = 2147483647;
			files = (
				4FC266D227B5A78B0086B218 /* CourseDisplayUITestsLaunchTests.swift in Sources */,
				4FC266D027B5A78B0086B218 /* CourseDisplayUITests.swift in Sources */,
			);
			runOnlyForDeploymentPostprocessing = 0;
		};
/* End PBXSourcesBuildPhase section */

/* Begin PBXTargetDependency section */
		4FC266C327B5A78B0086B218 /* PBXTargetDependency */ = {
			isa = PBXTargetDependency;
			target = 4FC266AA27B5A7890086B218 /* CourseDisplay */;
			targetProxy = 4FC266C227B5A78B0086B218 /* PBXContainerItemProxy */;
		};
		4FC266CD27B5A78B0086B218 /* PBXTargetDependency */ = {
			isa = PBXTargetDependency;
			target = 4FC266AA27B5A7890086B218 /* CourseDisplay */;
			targetProxy = 4FC266CC27B5A78B0086B218 /* PBXContainerItemProxy */;
		};
/* End PBXTargetDependency section */

/* Begin PBXVariantGroup section */
		4FC266B427B5A78A0086B218 /* Main.storyboard */ = {
			isa = PBXVariantGroup;
			children = (
				4FC266B527B5A78A0086B218 /* Base */,
			);
			name = Main.storyboard;
			sourceTree = "<group>";
		};
		4FC266B927B5A78B0086B218 /* LaunchScreen.storyboard */ = {
			isa = PBXVariantGroup;
			children = (
				4FC266BA27B5A78B0086B218 /* Base */,
			);
			name = LaunchScreen.storyboard;
			sourceTree = "<group>";
		};
/* End PBXVariantGroup section */

/* Begin XCBuildConfiguration section */
		4FC266D327B5A78B0086B218 /* Debug */ = {
			isa = XCBuildConfiguration;
			buildSettings = {
				ALWAYS_SEARCH_USER_PATHS = NO;
				CLANG_ANALYZER_NONNULL = YES;
				CLANG_ANALYZER_NUMBER_OBJECT_CONVERSION = YES_AGGRESSIVE;
				CLANG_CXX_LANGUAGE_STANDARD = "gnu++17";
				CLANG_CXX_LIBRARY = "libc++";
				CLANG_ENABLE_MODULES = YES;
				CLANG_ENABLE_OBJC_ARC = YES;
				CLANG_ENABLE_OBJC_WEAK = YES;
				CLANG_WARN_BLOCK_CAPTURE_AUTORELEASING = YES;
				CLANG_WARN_BOOL_CONVERSION = YES;
				CLANG_WARN_COMMA = YES;
				CLANG_WARN_CONSTANT_CONVERSION = YES;
				CLANG_WARN_DEPRECATED_OBJC_IMPLEMENTATIONS = YES;
				CLANG_WARN_DIRECT_OBJC_ISA_USAGE = YES_ERROR;
				CLANG_WARN_DOCUMENTATION_COMMENTS = YES;
				CLANG_WARN_EMPTY_BODY = YES;
				CLANG_WARN_ENUM_CONVERSION = YES;
				CLANG_WARN_INFINITE_RECURSION = YES;
				CLANG_WARN_INT_CONVERSION = YES;
				CLANG_WARN_NON_LITERAL_NULL_CONVERSION = YES;
				CLANG_WARN_OBJC_IMPLICIT_RETAIN_SELF = YES;
				CLANG_WARN_OBJC_LITERAL_CONVERSION = YES;
				CLANG_WARN_OBJC_ROOT_CLASS = YES_ERROR;
				CLANG_WARN_QUOTED_INCLUDE_IN_FRAMEWORK_HEADER = YES;
				CLANG_WARN_RANGE_LOOP_ANALYSIS = YES;
				CLANG_WARN_STRICT_PROTOTYPES = YES;
				CLANG_WARN_SUSPICIOUS_MOVE = YES;
				CLANG_WARN_UNGUARDED_AVAILABILITY = YES_AGGRESSIVE;
				CLANG_WARN_UNREACHABLE_CODE = YES;
				CLANG_WARN__DUPLICATE_METHOD_MATCH = YES;
				COPY_PHASE_STRIP = NO;
				DEBUG_INFORMATION_FORMAT = dwarf;
				ENABLE_STRICT_OBJC_MSGSEND = YES;
				ENABLE_TESTABILITY = YES;
				GCC_C_LANGUAGE_STANDARD = gnu11;
				GCC_DYNAMIC_NO_PIC = NO;
				GCC_NO_COMMON_BLOCKS = YES;
				GCC_OPTIMIZATION_LEVEL = 0;
				GCC_PREPROCESSOR_DEFINITIONS = (
					"DEBUG=1",
					"$(inherited)",
				);
				GCC_WARN_64_TO_32_BIT_CONVERSION = YES;
				GCC_WARN_ABOUT_RETURN_TYPE = YES_ERROR;
				GCC_WARN_UNDECLARED_SELECTOR = YES;
				GCC_WARN_UNINITIALIZED_AUTOS = YES_AGGRESSIVE;
				GCC_WARN_UNUSED_FUNCTION = YES;
				GCC_WARN_UNUSED_VARIABLE = YES;
				IPHONEOS_DEPLOYMENT_TARGET = 15.2;
				MTL_ENABLE_DEBUG_INFO = INCLUDE_SOURCE;
				MTL_FAST_MATH = YES;
				ONLY_ACTIVE_ARCH = YES;
				SDKROOT = iphoneos;
				SWIFT_ACTIVE_COMPILATION_CONDITIONS = DEBUG;
				SWIFT_OPTIMIZATION_LEVEL = "-Onone";
			};
			name = Debug;
		};
		4FC266D427B5A78B0086B218 /* Release */ = {
			isa = XCBuildConfiguration;
			buildSettings = {
				ALWAYS_SEARCH_USER_PATHS = NO;
				CLANG_ANALYZER_NONNULL = YES;
				CLANG_ANALYZER_NUMBER_OBJECT_CONVERSION = YES_AGGRESSIVE;
				CLANG_CXX_LANGUAGE_STANDARD = "gnu++17";
				CLANG_CXX_LIBRARY = "libc++";
				CLANG_ENABLE_MODULES = YES;
				CLANG_ENABLE_OBJC_ARC = YES;
				CLANG_ENABLE_OBJC_WEAK = YES;
				CLANG_WARN_BLOCK_CAPTURE_AUTORELEASING = YES;
				CLANG_WARN_BOOL_CONVERSION = YES;
				CLANG_WARN_COMMA = YES;
				CLANG_WARN_CONSTANT_CONVERSION = YES;
				CLANG_WARN_DEPRECATED_OBJC_IMPLEMENTATIONS = YES;
				CLANG_WARN_DIRECT_OBJC_ISA_USAGE = YES_ERROR;
				CLANG_WARN_DOCUMENTATION_COMMENTS = YES;
				CLANG_WARN_EMPTY_BODY = YES;
				CLANG_WARN_ENUM_CONVERSION = YES;
				CLANG_WARN_INFINITE_RECURSION = YES;
				CLANG_WARN_INT_CONVERSION = YES;
				CLANG_WARN_NON_LITERAL_NULL_CONVERSION = YES;
				CLANG_WARN_OBJC_IMPLICIT_RETAIN_SELF = YES;
				CLANG_WARN_OBJC_LITERAL_CONVERSION = YES;
				CLANG_WARN_OBJC_ROOT_CLASS = YES_ERROR;
				CLANG_WARN_QUOTED_INCLUDE_IN_FRAMEWORK_HEADER = YES;
				CLANG_WARN_RANGE_LOOP_ANALYSIS = YES;
				CLANG_WARN_STRICT_PROTOTYPES = YES;
				CLANG_WARN_SUSPICIOUS_MOVE = YES;
				CLANG_WARN_UNGUARDED_AVAILABILITY = YES_AGGRESSIVE;
				CLANG_WARN_UNREACHABLE_CODE = YES;
				CLANG_WARN__DUPLICATE_METHOD_MATCH = YES;
				COPY_PHASE_STRIP = NO;
				DEBUG_INFORMATION_FORMAT = "dwarf-with-dsym";
				ENABLE_NS_ASSERTIONS = NO;
				ENABLE_STRICT_OBJC_MSGSEND = YES;
				GCC_C_LANGUAGE_STANDARD = gnu11;
				GCC_NO_COMMON_BLOCKS = YES;
				GCC_WARN_64_TO_32_BIT_CONVERSION = YES;
				GCC_WARN_ABOUT_RETURN_TYPE = YES_ERROR;
				GCC_WARN_UNDECLARED_SELECTOR = YES;
				GCC_WARN_UNINITIALIZED_AUTOS = YES_AGGRESSIVE;
				GCC_WARN_UNUSED_FUNCTION = YES;
				GCC_WARN_UNUSED_VARIABLE = YES;
				IPHONEOS_DEPLOYMENT_TARGET = 15.2;
				MTL_ENABLE_DEBUG_INFO = NO;
				MTL_FAST_MATH = YES;
				SDKROOT = iphoneos;
				SWIFT_COMPILATION_MODE = wholemodule;
				SWIFT_OPTIMIZATION_LEVEL = "-O";
				VALIDATE_PRODUCT = YES;
			};
			name = Release;
		};
		4FC266D627B5A78B0086B218 /* Debug */ = {
			isa = XCBuildConfiguration;
			buildSettings = {
				ASSETCATALOG_COMPILER_APPICON_NAME = AppIcon;
				ASSETCATALOG_COMPILER_GLOBAL_ACCENT_COLOR_NAME = AccentColor;
				CODE_SIGN_STYLE = Automatic;
				CURRENT_PROJECT_VERSION = 1;
				GENERATE_INFOPLIST_FILE = YES;
				INFOPLIST_FILE = CourseDisplay/Info.plist;
				INFOPLIST_KEY_CFBundleDisplayName = CourseDisplay;
				INFOPLIST_KEY_UIApplicationSupportsIndirectInputEvents = YES;
				INFOPLIST_KEY_UILaunchStoryboardName = LaunchScreen;
				INFOPLIST_KEY_UIMainStoryboardFile = Main;
				INFOPLIST_KEY_UISupportedInterfaceOrientations_iPad = "UIInterfaceOrientationPortrait UIInterfaceOrientationPortraitUpsideDown UIInterfaceOrientationLandscapeLeft UIInterfaceOrientationLandscapeRight";
				INFOPLIST_KEY_UISupportedInterfaceOrientations_iPhone = "UIInterfaceOrientationPortrait UIInterfaceOrientationLandscapeLeft UIInterfaceOrientationLandscapeRight";
				LD_RUNPATH_SEARCH_PATHS = (
					"$(inherited)",
					"@executable_path/Frameworks",
				);
				MARKETING_VERSION = 1.0;
				PRODUCT_BUNDLE_IDENTIFIER = nwmsu.CourseDisplay;
				PRODUCT_NAME = "$(TARGET_NAME)";
				SWIFT_EMIT_LOC_STRINGS = YES;
				SWIFT_VERSION = 5.0;
				TARGETED_DEVICE_FAMILY = "1,2";
			};
			name = Debug;
		};
		4FC266D727B5A78B0086B218 /* Release */ = {
			isa = XCBuildConfiguration;
			buildSettings = {
				ASSETCATALOG_COMPILER_APPICON_NAME = AppIcon;
				ASSETCATALOG_COMPILER_GLOBAL_ACCENT_COLOR_NAME = AccentColor;
				CODE_SIGN_STYLE = Automatic;
				CURRENT_PROJECT_VERSION = 1;
				GENERATE_INFOPLIST_FILE = YES;
				INFOPLIST_FILE = CourseDisplay/Info.plist;
				INFOPLIST_KEY_CFBundleDisplayName = CourseDisplay;
				INFOPLIST_KEY_UIApplicationSupportsIndirectInputEvents = YES;
				INFOPLIST_KEY_UILaunchStoryboardName = LaunchScreen;
				INFOPLIST_KEY_UIMainStoryboardFile = Main;
				INFOPLIST_KEY_UISupportedInterfaceOrientations_iPad = "UIInterfaceOrientationPortrait UIInterfaceOrientationPortraitUpsideDown UIInterfaceOrientationLandscapeLeft UIInterfaceOrientationLandscapeRight";
				INFOPLIST_KEY_UISupportedInterfaceOrientations_iPhone = "UIInterfaceOrientationPortrait UIInterfaceOrientationLandscapeLeft UIInterfaceOrientationLandscapeRight";
				LD_RUNPATH_SEARCH_PATHS = (
					"$(inherited)",
					"@executable_path/Frameworks",
				);
				MARKETING_VERSION = 1.0;
				PRODUCT_BUNDLE_IDENTIFIER = nwmsu.CourseDisplay;
				PRODUCT_NAME = "$(TARGET_NAME)";
				SWIFT_EMIT_LOC_STRINGS = YES;
				SWIFT_VERSION = 5.0;
				TARGETED_DEVICE_FAMILY = "1,2";
			};
			name = Release;
		};
		4FC266D927B5A78B0086B218 /* Debug */ = {
			isa = XCBuildConfiguration;
			buildSettings = {
				ALWAYS_EMBED_SWIFT_STANDARD_LIBRARIES = YES;
				BUNDLE_LOADER = "$(TEST_HOST)";
				CODE_SIGN_STYLE = Automatic;
				CURRENT_PROJECT_VERSION = 1;
				GENERATE_INFOPLIST_FILE = YES;
				IPHONEOS_DEPLOYMENT_TARGET = 15.2;
				MARKETING_VERSION = 1.0;
				PRODUCT_BUNDLE_IDENTIFIER = nwmsu.CourseDisplayTests;
				PRODUCT_NAME = "$(TARGET_NAME)";
				SWIFT_EMIT_LOC_STRINGS = NO;
				SWIFT_VERSION = 5.0;
				TARGETED_DEVICE_FAMILY = "1,2";
				TEST_HOST = "$(BUILT_PRODUCTS_DIR)/CourseDisplay.app/CourseDisplay";
			};
			name = Debug;
		};
		4FC266DA27B5A78B0086B218 /* Release */ = {
			isa = XCBuildConfiguration;
			buildSettings = {
				ALWAYS_EMBED_SWIFT_STANDARD_LIBRARIES = YES;
				BUNDLE_LOADER = "$(TEST_HOST)";
				CODE_SIGN_STYLE = Automatic;
				CURRENT_PROJECT_VERSION = 1;
				GENERATE_INFOPLIST_FILE = YES;
				IPHONEOS_DEPLOYMENT_TARGET = 15.2;
				MARKETING_VERSION = 1.0;
				PRODUCT_BUNDLE_IDENTIFIER = nwmsu.CourseDisplayTests;
				PRODUCT_NAME = "$(TARGET_NAME)";
				SWIFT_EMIT_LOC_STRINGS = NO;
				SWIFT_VERSION = 5.0;
				TARGETED_DEVICE_FAMILY = "1,2";
				TEST_HOST = "$(BUILT_PRODUCTS_DIR)/CourseDisplay.app/CourseDisplay";
			};
			name = Release;
		};
		4FC266DC27B5A78B0086B218 /* Debug */ = {
			isa = XCBuildConfiguration;
			buildSettings = {
				ALWAYS_EMBED_SWIFT_STANDARD_LIBRARIES = YES;
				CODE_SIGN_STYLE = Automatic;
				CURRENT_PROJECT_VERSION = 1;
				GENERATE_INFOPLIST_FILE = YES;
				MARKETING_VERSION = 1.0;
				PRODUCT_BUNDLE_IDENTIFIER = nwmsu.CourseDisplayUITests;
				PRODUCT_NAME = "$(TARGET_NAME)";
				SWIFT_EMIT_LOC_STRINGS = NO;
				SWIFT_VERSION = 5.0;
				TARGETED_DEVICE_FAMILY = "1,2";
				TEST_TARGET_NAME = CourseDisplay;
			};
			name = Debug;
		};
		4FC266DD27B5A78B0086B218 /* Release */ = {
			isa = XCBuildConfiguration;
			buildSettings = {
				ALWAYS_EMBED_SWIFT_STANDARD_LIBRARIES = YES;
				CODE_SIGN_STYLE = Automatic;
				CURRENT_PROJECT_VERSION = 1;
				GENERATE_INFOPLIST_FILE = YES;
				MARKETING_VERSION = 1.0;
				PRODUCT_BUNDLE_IDENTIFIER = nwmsu.CourseDisplayUITests;
				PRODUCT_NAME = "$(TARGET_NAME)";
				SWIFT_EMIT_LOC_STRINGS = NO;
				SWIFT_VERSION = 5.0;
				TARGETED_DEVICE_FAMILY = "1,2";
				TEST_TARGET_NAME = CourseDisplay;
			};
			name = Release;
		};
/* End XCBuildConfiguration section */

/* Begin XCConfigurationList section */
		4FC266A627B5A7890086B218 /* Build configuration list for PBXProject "CourseDisplay" */ = {
			isa = XCConfigurationList;
			buildConfigurations = (
				4FC266D327B5A78B0086B218 /* Debug */,
				4FC266D427B5A78B0086B218 /* Release */,
			);
			defaultConfigurationIsVisible = 0;
			defaultConfigurationName = Release;
		};
		4FC266D527B5A78B0086B218 /* Build configuration list for PBXNativeTarget "CourseDisplay" */ = {
			isa = XCConfigurationList;
			buildConfigurations = (
				4FC266D627B5A78B0086B218 /* Debug */,
				4FC266D727B5A78B0086B218 /* Release */,
			);
			defaultConfigurationIsVisible = 0;
			defaultConfigurationName = Release;
		};
		4FC266D827B5A78B0086B218 /* Build configuration list for PBXNativeTarget "CourseDisplayTests" */ = {
			isa = XCConfigurationList;
			buildConfigurations = (
				4FC266D927B5A78B0086B218 /* Debug */,
				4FC266DA27B5A78B0086B218 /* Release */,
			);
			defaultConfigurationIsVisible = 0;
			defaultConfigurationName = Release;
		};
		4FC266DB27B5A78B0086B218 /* Build configuration list for PBXNativeTarget "CourseDisplayUITests" */ = {
			isa = XCConfigurationList;
			buildConfigurations = (
				4FC266DC27B5A78B0086B218 /* Debug */,
				4FC266DD27B5A78B0086B218 /* Release */,
			);
			defaultConfigurationIsVisible = 0;
			defaultConfigurationName = Release;
		};
/* End XCConfigurationList section */
	};
	rootObject = 4FC266A327B5A7890086B218 /* Project object */;
}
